
Microsoft Visual Studio Solution File, Format Version 12.00
# Visual Studio Version 17
VisualStudioVersion = 17.5.33414.496
MinimumVisualStudioVersion = 10.0.40219.1
Project("{2150E333-8FDC-42A3-9474-1A3956D46DE8}") = "Core", "Core", "{73EB8665-350C-4A2E-9486-96E07ED87DF1}"
EndProject
Project("{2150E333-8FDC-42A3-9474-1A3956D46DE8}") = "Presentation", "Presentation", "{6540192C-855F-4695-BABA-85A10FD8C28C}"
EndProject
Project("{2150E333-8FDC-42A3-9474-1A3956D46DE8}") = "Persistence", "Persistence", "{7C2332B2-8C95-40FB-B5A2-B81DED1AD0DF}"
EndProject
Project("{FAE04EC0-301F-11D3-BF4B-00C04F79EFBC}") = "Library.Domain", "Library.Domain\Library.Domain.csproj", "{0780CB3C-E087-4989-BE4A-C43BEB7A1B1B}"
EndProject
Project("{FAE04EC0-301F-11D3-BF4B-00C04F79EFBC}") = "Library.Business", "Library.Business\Library.Business.csproj", "{E8AE3233-676E-444A-B4C5-F77D49965873}"
EndProject
Global
	GlobalSection(SolutionConfigurationPlatforms) = preSolution
		Debug|Any CPU = Debug|Any CPU
		Release|Any CPU = Release|Any CPU
	EndGlobalSection
	GlobalSection(ProjectConfigurationPlatforms) = postSolution
		{0780CB3C-E087-4989-BE4A-C43BEB7A1B1B}.Debug|Any CPU.ActiveCfg = Debug|Any CPU
		{0780CB3C-E087-4989-BE4A-C43BEB7A1B1B}.Debug|Any CPU.Build.0 = Debug|Any CPU
		{0780CB3C-E087-4989-BE4A-C43BEB7A1B1B}.Release|Any CPU.ActiveCfg = Release|Any CPU
		{0780CB3C-E087-4989-BE4A-C43BEB7A1B1B}.Release|Any CPU.Build.0 = Release|Any CPU
		{E8AE3233-676E-444A-B4C5-F77D49965873}.Debug|Any CPU.ActiveCfg = Debug|Any CPU
		{E8AE3233-676E-444A-B4C5-F77D49965873}.Debug|Any CPU.Build.0 = Debug|Any CPU
		{E8AE3233-676E-444A-B4C5-F77D49965873}.Release|Any CPU.ActiveCfg = Release|Any CPU
		{E8AE3233-676E-444A-B4C5-F77D49965873}.Release|Any CPU.Build.0 = Release|Any CPU
	EndGlobalSection
	GlobalSection(SolutionProperties) = preSolution
		HideSolutionNode = FALSE
	EndGlobalSection
	GlobalSection(NestedProjects) = preSolution
		{0780CB3C-E087-4989-BE4A-C43BEB7A1B1B} = {73EB8665-350C-4A2E-9486-96E07ED87DF1}
		{E8AE3233-676E-444A-B4C5-F77D49965873} = {73EB8665-350C-4A2E-9486-96E07ED87DF1}
	EndGlobalSection
	GlobalSection(ExtensibilityGlobals) = postSolution
		SolutionGuid = {F032D230-D7FA-44FE-A26C-F16E5745F369}
	EndGlobalSection
EndGlobal
